// !$*UTF8*$!
{
	archiveVersion = 1;
	classes = {
	};
	objectVersion = 56;
	objects = {

/* Begin PBXBuildFile section */
		3B9617A1290EF3E700A38955 /* FruitMatket_SwiftUIApp.swift in Sources */ = {isa = PBXBuildFile; fileRef = 3B9617A0290EF3E700A38955 /* FruitMatket_SwiftUIApp.swift */; };
		3B9617A3290EF3E700A38955 /* ContentView.swift in Sources */ = {isa = PBXBuildFile; fileRef = 3B9617A2290EF3E700A38955 /* ContentView.swift */; };
		3B9617A5290EF3E800A38955 /* Assets.xcassets in Resources */ = {isa = PBXBuildFile; fileRef = 3B9617A4290EF3E800A38955 /* Assets.xcassets */; };
		3B9617A8290EF3E800A38955 /* Preview Assets.xcassets in Resources */ = {isa = PBXBuildFile; fileRef = 3B9617A7290EF3E800A38955 /* Preview Assets.xcassets */; };
		3B9617B2290EF3E800A38955 /* FruitMatket_SwiftUITests.swift in Sources */ = {isa = PBXBuildFile; fileRef = 3B9617B1290EF3E800A38955 /* FruitMatket_SwiftUITests.swift */; };
		3B9617BC290EF3E800A38955 /* FruitMatket_SwiftUIUITests.swift in Sources */ = {isa = PBXBuildFile; fileRef = 3B9617BB290EF3E800A38955 /* FruitMatket_SwiftUIUITests.swift */; };
		3B9617BE290EF3E800A38955 /* FruitMatket_SwiftUIUITestsLaunchTests.swift in Sources */ = {isa = PBXBuildFile; fileRef = 3B9617BD290EF3E800A38955 /* FruitMatket_SwiftUIUITestsLaunchTests.swift */; };
		3B9617CE290EFBFB00A38955 /* FruitCardView.swift in Sources */ = {isa = PBXBuildFile; fileRef = 3B9617CD290EFBFB00A38955 /* FruitCardView.swift */; };
		3B9617D0290F19FD00A38955 /* StartButtonView.swift in Sources */ = {isa = PBXBuildFile; fileRef = 3B9617CF290F19FD00A38955 /* StartButtonView.swift */; };
		3B9617D2290F1D1000A38955 /* OnboardingView.swift in Sources */ = {isa = PBXBuildFile; fileRef = 3B9617D1290F1D1000A38955 /* OnboardingView.swift */; };
		3BB8D04F290F66DB00143561 /* FruitDetailView.swift in Sources */ = {isa = PBXBuildFile; fileRef = 3BB8D04E290F66DB00143561 /* FruitDetailView.swift */; };
		3BB8D051290F6AB300143561 /* FruitHeaderView.swift in Sources */ = {isa = PBXBuildFile; fileRef = 3BB8D050290F6AB300143561 /* FruitHeaderView.swift */; };
		3BB8D053290F6D2500143561 /* SourceLinkView.swift in Sources */ = {isa = PBXBuildFile; fileRef = 3BB8D052290F6D2500143561 /* SourceLinkView.swift */; };
		3BB8D055290F6F2C00143561 /* NutritionView.swift in Sources */ = {isa = PBXBuildFile; fileRef = 3BB8D054290F6F2C00143561 /* NutritionView.swift */; };
		3BC17970290F32C000CC1E2E /* FruitModel.swift in Sources */ = {isa = PBXBuildFile; fileRef = 3BC1796F290F32C000CC1E2E /* FruitModel.swift */; };
		3BC17973290F33A500CC1E2E /* FruitData.swift in Sources */ = {isa = PBXBuildFile; fileRef = 3BC17972290F33A500CC1E2E /* FruitData.swift */; };
		3BC17975290F455300CC1E2E /* FruitRowView.swift in Sources */ = {isa = PBXBuildFile; fileRef = 3BC17974290F455300CC1E2E /* FruitRowView.swift */; };
/* End PBXBuildFile section */

/* Begin PBXContainerItemProxy section */
		3B9617AE290EF3E800A38955 /* PBXContainerItemProxy */ = {
			isa = PBXContainerItemProxy;
			containerPortal = 3B961795290EF3E600A38955 /* Project object */;
			proxyType = 1;
			remoteGlobalIDString = 3B96179C290EF3E700A38955;
			remoteInfo = FruitMatket_SwiftUI;
		};
		3B9617B8290EF3E800A38955 /* PBXContainerItemProxy */ = {
			isa = PBXContainerItemProxy;
			containerPortal = 3B961795290EF3E600A38955 /* Project object */;
			proxyType = 1;
			remoteGlobalIDString = 3B96179C290EF3E700A38955;
			remoteInfo = FruitMatket_SwiftUI;
		};
/* End PBXContainerItemProxy section */

/* Begin PBXFileReference section */
		3B96179D290EF3E700A38955 /* FruitMatket_SwiftUI.app */ = {isa = PBXFileReference; explicitFileType = wrapper.application; includeInIndex = 0; path = FruitMatket_SwiftUI.app; sourceTree = BUILT_PRODUCTS_DIR; };
		3B9617A0290EF3E700A38955 /* FruitMatket_SwiftUIApp.swift */ = {isa = PBXFileReference; lastKnownFileType = sourcecode.swift; path = FruitMatket_SwiftUIApp.swift; sourceTree = "<group>"; };
		3B9617A2290EF3E700A38955 /* ContentView.swift */ = {isa = PBXFileReference; lastKnownFileType = sourcecode.swift; path = ContentView.swift; sourceTree = "<group>"; };
		3B9617A4290EF3E800A38955 /* Assets.xcassets */ = {isa = PBXFileReference; lastKnownFileType = folder.assetcatalog; path = Assets.xcassets; sourceTree = "<group>"; };
		3B9617A7290EF3E800A38955 /* Preview Assets.xcassets */ = {isa = PBXFileReference; lastKnownFileType = folder.assetcatalog; path = "Preview Assets.xcassets"; sourceTree = "<group>"; };
		3B9617AD290EF3E800A38955 /* FruitMatket_SwiftUITests.xctest */ = {isa = PBXFileReference; explicitFileType = wrapper.cfbundle; includeInIndex = 0; path = FruitMatket_SwiftUITests.xctest; sourceTree = BUILT_PRODUCTS_DIR; };
		3B9617B1290EF3E800A38955 /* FruitMatket_SwiftUITests.swift */ = {isa = PBXFileReference; lastKnownFileType = sourcecode.swift; path = FruitMatket_SwiftUITests.swift; sourceTree = "<group>"; };
		3B9617B7290EF3E800A38955 /* FruitMatket_SwiftUIUITests.xctest */ = {isa = PBXFileReference; explicitFileType = wrapper.cfbundle; includeInIndex = 0; path = FruitMatket_SwiftUIUITests.xctest; sourceTree = BUILT_PRODUCTS_DIR; };
		3B9617BB290EF3E800A38955 /* FruitMatket_SwiftUIUITests.swift */ = {isa = PBXFileReference; lastKnownFileType = sourcecode.swift; path = FruitMatket_SwiftUIUITests.swift; sourceTree = "<group>"; };
		3B9617BD290EF3E800A38955 /* FruitMatket_SwiftUIUITestsLaunchTests.swift */ = {isa = PBXFileReference; lastKnownFileType = sourcecode.swift; path = FruitMatket_SwiftUIUITestsLaunchTests.swift; sourceTree = "<group>"; };
		3B9617CD290EFBFB00A38955 /* FruitCardView.swift */ = {isa = PBXFileReference; lastKnownFileType = sourcecode.swift; path = FruitCardView.swift; sourceTree = "<group>"; };
		3B9617CF290F19FD00A38955 /* StartButtonView.swift */ = {isa = PBXFileReference; lastKnownFileType = sourcecode.swift; path = StartButtonView.swift; sourceTree = "<group>"; };
		3B9617D1290F1D1000A38955 /* OnboardingView.swift */ = {isa = PBXFileReference; lastKnownFileType = sourcecode.swift; path = OnboardingView.swift; sourceTree = "<group>"; };
		3BB8D04E290F66DB00143561 /* FruitDetailView.swift */ = {isa = PBXFileReference; lastKnownFileType = sourcecode.swift; path = FruitDetailView.swift; sourceTree = "<group>"; };
		3BB8D050290F6AB300143561 /* FruitHeaderView.swift */ = {isa = PBXFileReference; lastKnownFileType = sourcecode.swift; path = FruitHeaderView.swift; sourceTree = "<group>"; };
		3BB8D052290F6D2500143561 /* SourceLinkView.swift */ = {isa = PBXFileReference; lastKnownFileType = sourcecode.swift; path = SourceLinkView.swift; sourceTree = "<group>"; };
		3BB8D054290F6F2C00143561 /* NutritionView.swift */ = {isa = PBXFileReference; lastKnownFileType = sourcecode.swift; path = NutritionView.swift; sourceTree = "<group>"; };
		3BC1796F290F32C000CC1E2E /* FruitModel.swift */ = {isa = PBXFileReference; lastKnownFileType = sourcecode.swift; path = FruitModel.swift; sourceTree = "<group>"; };
		3BC17972290F33A500CC1E2E /* FruitData.swift */ = {isa = PBXFileReference; lastKnownFileType = sourcecode.swift; path = FruitData.swift; sourceTree = "<group>"; };
		3BC17974290F455300CC1E2E /* FruitRowView.swift */ = {isa = PBXFileReference; lastKnownFileType = sourcecode.swift; path = FruitRowView.swift; sourceTree = "<group>"; };
/* End PBXFileReference section */

/* Begin PBXFrameworksBuildPhase section */
		3B96179A290EF3E700A38955 /* Frameworks */ = {
			isa = PBXFrameworksBuildPhase;
			buildActionMask = 2147483647;
			files = (
			);
			runOnlyForDeploymentPostprocessing = 0;
		};
		3B9617AA290EF3E800A38955 /* Frameworks */ = {
			isa = PBXFrameworksBuildPhase;
			buildActionMask = 2147483647;
			files = (
			);
			runOnlyForDeploymentPostprocessing = 0;
		};
		3B9617B4290EF3E800A38955 /* Frameworks */ = {
			isa = PBXFrameworksBuildPhase;
			buildActionMask = 2147483647;
			files = (
			);
			runOnlyForDeploymentPostprocessing = 0;
		};
/* End PBXFrameworksBuildPhase section */

/* Begin PBXGroup section */
		3B961794290EF3E600A38955 = {
			isa = PBXGroup;
			children = (
				3B96179F290EF3E700A38955 /* FruitMatket_SwiftUI */,
				3B9617B0290EF3E800A38955 /* FruitMatket_SwiftUITests */,
				3B9617BA290EF3E800A38955 /* FruitMatket_SwiftUIUITests */,
				3B96179E290EF3E700A38955 /* Products */,
			);
			sourceTree = "<group>";
		};
		3B96179E290EF3E700A38955 /* Products */ = {
			isa = PBXGroup;
			children = (
				3B96179D290EF3E700A38955 /* FruitMatket_SwiftUI.app */,
				3B9617AD290EF3E800A38955 /* FruitMatket_SwiftUITests.xctest */,
				3B9617B7290EF3E800A38955 /* FruitMatket_SwiftUIUITests.xctest */,
			);
			name = Products;
			sourceTree = "<group>";
		};
		3B96179F290EF3E700A38955 /* FruitMatket_SwiftUI */ = {
			isa = PBXGroup;
			children = (
				3B9617CB290EFBAC00A38955 /* App */,
				3B9617CC290EFBBF00A38955 /* View */,
				3BC17971290F338F00CC1E2E /* Data */,
				3BC1796E290F32A700CC1E2E /* Model */,
				3B9617A4290EF3E800A38955 /* Assets.xcassets */,
				3B9617A6290EF3E800A38955 /* Preview Content */,
			);
			path = FruitMatket_SwiftUI;
			sourceTree = "<group>";
		};
		3B9617A6290EF3E800A38955 /* Preview Content */ = {
			isa = PBXGroup;
			children = (
				3B9617A7290EF3E800A38955 /* Preview Assets.xcassets */,
			);
			path = "Preview Content";
			sourceTree = "<group>";
		};
		3B9617B0290EF3E800A38955 /* FruitMatket_SwiftUITests */ = {
			isa = PBXGroup;
			children = (
				3B9617B1290EF3E800A38955 /* FruitMatket_SwiftUITests.swift */,
			);
			path = FruitMatket_SwiftUITests;
			sourceTree = "<group>";
		};
		3B9617BA290EF3E800A38955 /* FruitMatket_SwiftUIUITests */ = {
			isa = PBXGroup;
			children = (
				3B9617BB290EF3E800A38955 /* FruitMatket_SwiftUIUITests.swift */,
				3B9617BD290EF3E800A38955 /* FruitMatket_SwiftUIUITestsLaunchTests.swift */,
			);
			path = FruitMatket_SwiftUIUITests;
			sourceTree = "<group>";
		};
		3B9617CB290EFBAC00A38955 /* App */ = {
			isa = PBXGroup;
			children = (
				3B9617A0290EF3E700A38955 /* FruitMatket_SwiftUIApp.swift */,
				3B9617A2290EF3E700A38955 /* ContentView.swift */,
				3B9617D1290F1D1000A38955 /* OnboardingView.swift */,
				3BB8D04E290F66DB00143561 /* FruitDetailView.swift */,
			);
			name = App;
			sourceTree = "<group>";
		};
		3B9617CC290EFBBF00A38955 /* View */ = {
			isa = PBXGroup;
			children = (
				3B9617CD290EFBFB00A38955 /* FruitCardView.swift */,
				3B9617CF290F19FD00A38955 /* StartButtonView.swift */,
				3BC17974290F455300CC1E2E /* FruitRowView.swift */,
				3BB8D050290F6AB300143561 /* FruitHeaderView.swift */,
				3BB8D052290F6D2500143561 /* SourceLinkView.swift */,
				3BB8D054290F6F2C00143561 /* NutritionView.swift */,
			);
			path = View;
			sourceTree = "<group>";
		};
		3BC1796E290F32A700CC1E2E /* Model */ = {
			isa = PBXGroup;
			children = (
				3BC1796F290F32C000CC1E2E /* FruitModel.swift */,
			);
			path = Model;
			sourceTree = "<group>";
		};
		3BC17971290F338F00CC1E2E /* Data */ = {
			isa = PBXGroup;
			children = (
				3BC17972290F33A500CC1E2E /* FruitData.swift */,
			);
			path = Data;
			sourceTree = "<group>";
		};
/* End PBXGroup section */

/* Begin PBXNativeTarget section */
		3B96179C290EF3E700A38955 /* FruitMatket_SwiftUI */ = {
			isa = PBXNativeTarget;
			buildConfigurationList = 3B9617C1290EF3E800A38955 /* Build configuration list for PBXNativeTarget "FruitMatket_SwiftUI" */;
			buildPhases = (
				3B961799290EF3E700A38955 /* Sources */,
				3B96179A290EF3E700A38955 /* Frameworks */,
				3B96179B290EF3E700A38955 /* Resources */,
			);
			buildRules = (
			);
			dependencies = (
			);
			name = FruitMatket_SwiftUI;
			productName = FruitMatket_SwiftUI;
			productReference = 3B96179D290EF3E700A38955 /* FruitMatket_SwiftUI.app */;
			productType = "com.apple.product-type.application";
		};
		3B9617AC290EF3E800A38955 /* FruitMatket_SwiftUITests */ = {
			isa = PBXNativeTarget;
			buildConfigurationList = 3B9617C4290EF3E800A38955 /* Build configuration list for PBXNativeTarget "FruitMatket_SwiftUITests" */;
			buildPhases = (
				3B9617A9290EF3E800A38955 /* Sources */,
				3B9617AA290EF3E800A38955 /* Frameworks */,
				3B9617AB290EF3E800A38955 /* Resources */,
			);
			buildRules = (
			);
			dependencies = (
				3B9617AF290EF3E800A38955 /* PBXTargetDependency */,
			);
			name = FruitMatket_SwiftUITests;
			productName = FruitMatket_SwiftUITests;
			productReference = 3B9617AD290EF3E800A38955 /* FruitMatket_SwiftUITests.xctest */;
			productType = "com.apple.product-type.bundle.unit-test";
		};
		3B9617B6290EF3E800A38955 /* FruitMatket_SwiftUIUITests */ = {
			isa = PBXNativeTarget;
			buildConfigurationList = 3B9617C7290EF3E800A38955 /* Build configuration list for PBXNativeTarget "FruitMatket_SwiftUIUITests" */;
			buildPhases = (
				3B9617B3290EF3E800A38955 /* Sources */,
				3B9617B4290EF3E800A38955 /* Frameworks */,
				3B9617B5290EF3E800A38955 /* Resources */,
			);
			buildRules = (
			);
			dependencies = (
				3B9617B9290EF3E800A38955 /* PBXTargetDependency */,
			);
			name = FruitMatket_SwiftUIUITests;
			productName = FruitMatket_SwiftUIUITests;
			productReference = 3B9617B7290EF3E800A38955 /* FruitMatket_SwiftUIUITests.xctest */;
			productType = "com.apple.product-type.bundle.ui-testing";
		};
/* End PBXNativeTarget section */

/* Begin PBXProject section */
		3B961795290EF3E600A38955 /* Project object */ = {
			isa = PBXProject;
			attributes = {
				BuildIndependentTargetsInParallel = 1;
				LastSwiftUpdateCheck = 1400;
				LastUpgradeCheck = 1400;
				TargetAttributes = {
					3B96179C290EF3E700A38955 = {
						CreatedOnToolsVersion = 14.0.1;
					};
					3B9617AC290EF3E800A38955 = {
						CreatedOnToolsVersion = 14.0.1;
						TestTargetID = 3B96179C290EF3E700A38955;
					};
					3B9617B6290EF3E800A38955 = {
						CreatedOnToolsVersion = 14.0.1;
						TestTargetID = 3B96179C290EF3E700A38955;
					};
				};
			};
			buildConfigurationList = 3B961798290EF3E600A38955 /* Build configuration list for PBXProject "FruitMatket_SwiftUI" */;
			compatibilityVersion = "Xcode 14.0";
			developmentRegion = en;
			hasScannedForEncodings = 0;
			knownRegions = (
				en,
				Base,
			);
			mainGroup = 3B961794290EF3E600A38955;
			productRefGroup = 3B96179E290EF3E700A38955 /* Products */;
			projectDirPath = "";
			projectRoot = "";
			targets = (
				3B96179C290EF3E700A38955 /* FruitMatket_SwiftUI */,
				3B9617AC290EF3E800A38955 /* FruitMatket_SwiftUITests */,
				3B9617B6290EF3E800A38955 /* FruitMatket_SwiftUIUITests */,
			);
		};
/* End PBXProject section */

/* Begin PBXResourcesBuildPhase section */
		3B96179B290EF3E700A38955 /* Resources */ = {
			isa = PBXResourcesBuildPhase;
			buildActionMask = 2147483647;
			files = (
				3B9617A8290EF3E800A38955 /* Preview Assets.xcassets in Resources */,
				3B9617A5290EF3E800A38955 /* Assets.xcassets in Resources */,
			);
			runOnlyForDeploymentPostprocessing = 0;
		};
		3B9617AB290EF3E800A38955 /* Resources */ = {
			isa = PBXResourcesBuildPhase;
			buildActionMask = 2147483647;
			files = (
			);
			runOnlyForDeploymentPostprocessing = 0;
		};
		3B9617B5290EF3E800A38955 /* Resources */ = {
			isa = PBXResourcesBuildPhase;
			buildActionMask = 2147483647;
			files = (
			);
			runOnlyForDeploymentPostprocessing = 0;
		};
/* End PBXResourcesBuildPhase section */

/* Begin PBXSourcesBuildPhase section */
		3B961799290EF3E700A38955 /* Sources */ = {
			isa = PBXSourcesBuildPhase;
			buildActionMask = 2147483647;
			files = (
				3BC17973290F33A500CC1E2E /* FruitData.swift in Sources */,
				3BB8D053290F6D2500143561 /* SourceLinkView.swift in Sources */,
				3B9617CE290EFBFB00A38955 /* FruitCardView.swift in Sources */,
				3BC17975290F455300CC1E2E /* FruitRowView.swift in Sources */,
				3B9617D0290F19FD00A38955 /* StartButtonView.swift in Sources */,
				3BB8D04F290F66DB00143561 /* FruitDetailView.swift in Sources */,
				3B9617A3290EF3E700A38955 /* ContentView.swift in Sources */,
				3BB8D051290F6AB300143561 /* FruitHeaderView.swift in Sources */,
				3B9617D2290F1D1000A38955 /* OnboardingView.swift in Sources */,
				3BB8D055290F6F2C00143561 /* NutritionView.swift in Sources */,
				3BC17970290F32C000CC1E2E /* FruitModel.swift in Sources */,
				3B9617A1290EF3E700A38955 /* FruitMatket_SwiftUIApp.swift in Sources */,
			);
			runOnlyForDeploymentPostprocessing = 0;
		};
		3B9617A9290EF3E800A38955 /* Sources */ = {
			isa = PBXSourcesBuildPhase;
			buildActionMask = 2147483647;
			files = (
				3B9617B2290EF3E800A38955 /* FruitMatket_SwiftUITests.swift in Sources */,
			);
			runOnlyForDeploymentPostprocessing = 0;
		};
		3B9617B3290EF3E800A38955 /* Sources */ = {
			isa = PBXSourcesBuildPhase;
			buildActionMask = 2147483647;
			files = (
				3B9617BC290EF3E800A38955 /* FruitMatket_SwiftUIUITests.swift in Sources */,
				3B9617BE290EF3E800A38955 /* FruitMatket_SwiftUIUITestsLaunchTests.swift in Sources */,
			);
			runOnlyForDeploymentPostprocessing = 0;
		};
/* End PBXSourcesBuildPhase section */

/* Begin PBXTargetDependency section */
		3B9617AF290EF3E800A38955 /* PBXTargetDependency */ = {
			isa = PBXTargetDependency;
			target = 3B96179C290EF3E700A38955 /* FruitMatket_SwiftUI */;
			targetProxy = 3B9617AE290EF3E800A38955 /* PBXContainerItemProxy */;
		};
		3B9617B9290EF3E800A38955 /* PBXTargetDependency */ = {
			isa = PBXTargetDependency;
			target = 3B96179C290EF3E700A38955 /* FruitMatket_SwiftUI */;
			targetProxy = 3B9617B8290EF3E800A38955 /* PBXContainerItemProxy */;
		};
/* End PBXTargetDependency section */

/* Begin XCBuildConfiguration section */
		3B9617BF290EF3E800A38955 /* Debug */ = {
			isa = XCBuildConfiguration;
			buildSettings = {
				ALWAYS_SEARCH_USER_PATHS = NO;
				CLANG_ANALYZER_NONNULL = YES;
				CLANG_ANALYZER_NUMBER_OBJECT_CONVERSION = YES_AGGRESSIVE;
				CLANG_CXX_LANGUAGE_STANDARD = "gnu++20";
				CLANG_ENABLE_MODULES = YES;
				CLANG_ENABLE_OBJC_ARC = YES;
				CLANG_ENABLE_OBJC_WEAK = YES;
				CLANG_WARN_BLOCK_CAPTURE_AUTORELEASING = YES;
				CLANG_WARN_BOOL_CONVERSION = YES;
				CLANG_WARN_COMMA = YES;
				CLANG_WARN_CONSTANT_CONVERSION = YES;
				CLANG_WARN_DEPRECATED_OBJC_IMPLEMENTATIONS = YES;
				CLANG_WARN_DIRECT_OBJC_ISA_USAGE = YES_ERROR;
				CLANG_WARN_DOCUMENTATION_COMMENTS = YES;
				CLANG_WARN_EMPTY_BODY = YES;
				CLANG_WARN_ENUM_CONVERSION = YES;
				CLANG_WARN_INFINITE_RECURSION = YES;
				CLANG_WARN_INT_CONVERSION = YES;
				CLANG_WARN_NON_LITERAL_NULL_CONVERSION = YES;
				CLANG_WARN_OBJC_IMPLICIT_RETAIN_SELF = YES;
				CLANG_WARN_OBJC_LITERAL_CONVERSION = YES;
				CLANG_WARN_OBJC_ROOT_CLASS = YES_ERROR;
				CLANG_WARN_QUOTED_INCLUDE_IN_FRAMEWORK_HEADER = YES;
				CLANG_WARN_RANGE_LOOP_ANALYSIS = YES;
				CLANG_WARN_STRICT_PROTOTYPES = YES;
				CLANG_WARN_SUSPICIOUS_MOVE = YES;
				CLANG_WARN_UNGUARDED_AVAILABILITY = YES_AGGRESSIVE;
				CLANG_WARN_UNREACHABLE_CODE = YES;
				CLANG_WARN__DUPLICATE_METHOD_MATCH = YES;
				COPY_PHASE_STRIP = NO;
				DEBUG_INFORMATION_FORMAT = dwarf;
				ENABLE_STRICT_OBJC_MSGSEND = YES;
				ENABLE_TESTABILITY = YES;
				GCC_C_LANGUAGE_STANDARD = gnu11;
				GCC_DYNAMIC_NO_PIC = NO;
				GCC_NO_COMMON_BLOCKS = YES;
				GCC_OPTIMIZATION_LEVEL = 0;
				GCC_PREPROCESSOR_DEFINITIONS = (
					"DEBUG=1",
					"$(inherited)",
				);
				GCC_WARN_64_TO_32_BIT_CONVERSION = YES;
				GCC_WARN_ABOUT_RETURN_TYPE = YES_ERROR;
				GCC_WARN_UNDECLARED_SELECTOR = YES;
				GCC_WARN_UNINITIALIZED_AUTOS = YES_AGGRESSIVE;
				GCC_WARN_UNUSED_FUNCTION = YES;
				GCC_WARN_UNUSED_VARIABLE = YES;
				IPHONEOS_DEPLOYMENT_TARGET = 16.0;
				MTL_ENABLE_DEBUG_INFO = INCLUDE_SOURCE;
				MTL_FAST_MATH = YES;
				ONLY_ACTIVE_ARCH = YES;
				SDKROOT = iphoneos;
				SWIFT_ACTIVE_COMPILATION_CONDITIONS = DEBUG;
				SWIFT_OPTIMIZATION_LEVEL = "-Onone";
			};
			name = Debug;
		};
		3B9617C0290EF3E800A38955 /* Release */ = {
			isa = XCBuildConfiguration;
			buildSettings = {
				ALWAYS_SEARCH_USER_PATHS = NO;
				CLANG_ANALYZER_NONNULL = YES;
				CLANG_ANALYZER_NUMBER_OBJECT_CONVERSION = YES_AGGRESSIVE;
				CLANG_CXX_LANGUAGE_STANDARD = "gnu++20";
				CLANG_ENABLE_MODULES = YES;
				CLANG_ENABLE_OBJC_ARC = YES;
				CLANG_ENABLE_OBJC_WEAK = YES;
				CLANG_WARN_BLOCK_CAPTURE_AUTORELEASING = YES;
				CLANG_WARN_BOOL_CONVERSION = YES;
				CLANG_WARN_COMMA = YES;
				CLANG_WARN_CONSTANT_CONVERSION = YES;
				CLANG_WARN_DEPRECATED_OBJC_IMPLEMENTATIONS = YES;
				CLANG_WARN_DIRECT_OBJC_ISA_USAGE = YES_ERROR;
				CLANG_WARN_DOCUMENTATION_COMMENTS = YES;
				CLANG_WARN_EMPTY_BODY = YES;
				CLANG_WARN_ENUM_CONVERSION = YES;
				CLANG_WARN_INFINITE_RECURSION = YES;
				CLANG_WARN_INT_CONVERSION = YES;
				CLANG_WARN_NON_LITERAL_NULL_CONVERSION = YES;
				CLANG_WARN_OBJC_IMPLICIT_RETAIN_SELF = YES;
				CLANG_WARN_OBJC_LITERAL_CONVERSION = YES;
				CLANG_WARN_OBJC_ROOT_CLASS = YES_ERROR;
				CLANG_WARN_QUOTED_INCLUDE_IN_FRAMEWORK_HEADER = YES;
				CLANG_WARN_RANGE_LOOP_ANALYSIS = YES;
				CLANG_WARN_STRICT_PROTOTYPES = YES;
				CLANG_WARN_SUSPICIOUS_MOVE = YES;
				CLANG_WARN_UNGUARDED_AVAILABILITY = YES_AGGRESSIVE;
				CLANG_WARN_UNREACHABLE_CODE = YES;
				CLANG_WARN__DUPLICATE_METHOD_MATCH = YES;
				COPY_PHASE_STRIP = NO;
				DEBUG_INFORMATION_FORMAT = "dwarf-with-dsym";
				ENABLE_NS_ASSERTIONS = NO;
				ENABLE_STRICT_OBJC_MSGSEND = YES;
				GCC_C_LANGUAGE_STANDARD = gnu11;
				GCC_NO_COMMON_BLOCKS = YES;
				GCC_WARN_64_TO_32_BIT_CONVERSION = YES;
				GCC_WARN_ABOUT_RETURN_TYPE = YES_ERROR;
				GCC_WARN_UNDECLARED_SELECTOR = YES;
				GCC_WARN_UNINITIALIZED_AUTOS = YES_AGGRESSIVE;
				GCC_WARN_UNUSED_FUNCTION = YES;
				GCC_WARN_UNUSED_VARIABLE = YES;
				IPHONEOS_DEPLOYMENT_TARGET = 16.0;
				MTL_ENABLE_DEBUG_INFO = NO;
				MTL_FAST_MATH = YES;
				SDKROOT = iphoneos;
				SWIFT_COMPILATION_MODE = wholemodule;
				SWIFT_OPTIMIZATION_LEVEL = "-O";
				VALIDATE_PRODUCT = YES;
			};
			name = Release;
		};
		3B9617C2290EF3E800A38955 /* Debug */ = {
			isa = XCBuildConfiguration;
			buildSettings = {
				ASSETCATALOG_COMPILER_APPICON_NAME = AppIcon;
				ASSETCATALOG_COMPILER_GLOBAL_ACCENT_COLOR_NAME = AccentColor;
				CODE_SIGN_STYLE = Automatic;
				CURRENT_PROJECT_VERSION = 1;
				DEVELOPMENT_ASSET_PATHS = "\"FruitMatket_SwiftUI/Preview Content\"";
				DEVELOPMENT_TEAM = G3VP62JDQQ;
				ENABLE_PREVIEWS = YES;
				GENERATE_INFOPLIST_FILE = YES;
				INFOPLIST_KEY_UIApplicationSceneManifest_Generation = YES;
				INFOPLIST_KEY_UIApplicationSupportsIndirectInputEvents = YES;
				INFOPLIST_KEY_UILaunchScreen_Generation = YES;
				INFOPLIST_KEY_UISupportedInterfaceOrientations = UIInterfaceOrientationPortrait;
				INFOPLIST_KEY_UISupportedInterfaceOrientations_iPad = "UIInterfaceOrientationLandscapeLeft UIInterfaceOrientationLandscapeRight UIInterfaceOrientationPortrait UIInterfaceOrientationPortraitUpsideDown";
				LD_RUNPATH_SEARCH_PATHS = (
					"$(inherited)",
					"@executable_path/Frameworks",
				);
				MARKETING_VERSION = 1.0;
				PRODUCT_BUNDLE_IDENTIFIER = "dmitriikim.FruitMatket-SwiftUI";
				PRODUCT_NAME = "$(TARGET_NAME)";
				SWIFT_EMIT_LOC_STRINGS = YES;
				SWIFT_VERSION = 5.0;
				TARGETED_DEVICE_FAMILY = "1,2";
			};
			name = Debug;
		};
		3B9617C3290EF3E800A38955 /* Release */ = {
			isa = XCBuildConfiguration;
			buildSettings = {
				ASSETCATALOG_COMPILER_APPICON_NAME = AppIcon;
				ASSETCATALOG_COMPILER_GLOBAL_ACCENT_COLOR_NAME = AccentColor;
				CODE_SIGN_STYLE = Automatic;
				CURRENT_PROJECT_VERSION = 1;
				DEVELOPMENT_ASSET_PATHS = "\"FruitMatket_SwiftUI/Preview Content\"";
				DEVELOPMENT_TEAM = G3VP62JDQQ;
				ENABLE_PREVIEWS = YES;
				GENERATE_INFOPLIST_FILE = YES;
				INFOPLIST_KEY_UIApplicationSceneManifest_Generation = YES;
				INFOPLIST_KEY_UIApplicationSupportsIndirectInputEvents = YES;
				INFOPLIST_KEY_UILaunchScreen_Generation = YES;
				INFOPLIST_KEY_UISupportedInterfaceOrientations = UIInterfaceOrientationPortrait;
				INFOPLIST_KEY_UISupportedInterfaceOrientations_iPad = "UIInterfaceOrientationLandscapeLeft UIInterfaceOrientationLandscapeRight UIInterfaceOrientationPortrait UIInterfaceOrientationPortraitUpsideDown";
				LD_RUNPATH_SEARCH_PATHS = (
					"$(inherited)",
					"@executable_path/Frameworks",
				);
				MARKETING_VERSION = 1.0;
				PRODUCT_BUNDLE_IDENTIFIER = "dmitriikim.FruitMatket-SwiftUI";
				PRODUCT_NAME = "$(TARGET_NAME)";
				SWIFT_EMIT_LOC_STRINGS = YES;
				SWIFT_VERSION = 5.0;
				TARGETED_DEVICE_FAMILY = "1,2";
			};
			name = Release;
		};
		3B9617C5290EF3E800A38955 /* Debug */ = {
			isa = XCBuildConfiguration;
			buildSettings = {
				ALWAYS_EMBED_SWIFT_STANDARD_LIBRARIES = YES;
				BUNDLE_LOADER = "$(TEST_HOST)";
				CODE_SIGN_STYLE = Automatic;
				CURRENT_PROJECT_VERSION = 1;
				DEVELOPMENT_TEAM = G3VP62JDQQ;
				GENERATE_INFOPLIST_FILE = YES;
				IPHONEOS_DEPLOYMENT_TARGET = 16.0;
				MARKETING_VERSION = 1.0;
				PRODUCT_BUNDLE_IDENTIFIER = "dmitriikim.FruitMatket-SwiftUITests";
				PRODUCT_NAME = "$(TARGET_NAME)";
				SWIFT_EMIT_LOC_STRINGS = NO;
				SWIFT_VERSION = 5.0;
				TARGETED_DEVICE_FAMILY = "1,2";
				TEST_HOST = "$(BUILT_PRODUCTS_DIR)/FruitMatket_SwiftUI.app/$(BUNDLE_EXECUTABLE_FOLDER_PATH)/FruitMatket_SwiftUI";
			};
			name = Debug;
		};
		3B9617C6290EF3E800A38955 /* Release */ = {
			isa = XCBuildConfiguration;
			buildSettings = {
				ALWAYS_EMBED_SWIFT_STANDARD_LIBRARIES = YES;
				BUNDLE_LOADER = "$(TEST_HOST)";
				CODE_SIGN_STYLE = Automatic;
				CURRENT_PROJECT_VERSION = 1;
				DEVELOPMENT_TEAM = G3VP62JDQQ;
				GENERATE_INFOPLIST_FILE = YES;
				IPHONEOS_DEPLOYMENT_TARGET = 16.0;
				MARKETING_VERSION = 1.0;
				PRODUCT_BUNDLE_IDENTIFIER = "dmitriikim.FruitMatket-SwiftUITests";
				PRODUCT_NAME = "$(TARGET_NAME)";
				SWIFT_EMIT_LOC_STRINGS = NO;
				SWIFT_VERSION = 5.0;
				TARGETED_DEVICE_FAMILY = "1,2";
				TEST_HOST = "$(BUILT_PRODUCTS_DIR)/FruitMatket_SwiftUI.app/$(BUNDLE_EXECUTABLE_FOLDER_PATH)/FruitMatket_SwiftUI";
			};
			name = Release;
		};
		3B9617C8290EF3E800A38955 /* Debug */ = {
			isa = XCBuildConfiguration;
			buildSettings = {
				ALWAYS_EMBED_SWIFT_STANDARD_LIBRARIES = YES;
				CODE_SIGN_STYLE = Automatic;
				CURRENT_PROJECT_VERSION = 1;
				DEVELOPMENT_TEAM = G3VP62JDQQ;
				GENERATE_INFOPLIST_FILE = YES;
				MARKETING_VERSION = 1.0;
				PRODUCT_BUNDLE_IDENTIFIER = "dmitriikim.FruitMatket-SwiftUIUITests";
				PRODUCT_NAME = "$(TARGET_NAME)";
				SWIFT_EMIT_LOC_STRINGS = NO;
				SWIFT_VERSION = 5.0;
				TARGETED_DEVICE_FAMILY = "1,2";
				TEST_TARGET_NAME = FruitMatket_SwiftUI;
			};
			name = Debug;
		};
		3B9617C9290EF3E800A38955 /* Release */ = {
			isa = XCBuildConfiguration;
			buildSettings = {
				ALWAYS_EMBED_SWIFT_STANDARD_LIBRARIES = YES;
				CODE_SIGN_STYLE = Automatic;
				CURRENT_PROJECT_VERSION = 1;
				DEVELOPMENT_TEAM = G3VP62JDQQ;
				GENERATE_INFOPLIST_FILE = YES;
				MARKETING_VERSION = 1.0;
				PRODUCT_BUNDLE_IDENTIFIER = "dmitriikim.FruitMatket-SwiftUIUITests";
				PRODUCT_NAME = "$(TARGET_NAME)";
				SWIFT_EMIT_LOC_STRINGS = NO;
				SWIFT_VERSION = 5.0;
				TARGETED_DEVICE_FAMILY = "1,2";
				TEST_TARGET_NAME = FruitMatket_SwiftUI;
			};
			name = Release;
		};
/* End XCBuildConfiguration section */

/* Begin XCConfigurationList section */
		3B961798290EF3E600A38955 /* Build configuration list for PBXProject "FruitMatket_SwiftUI" */ = {
			isa = XCConfigurationList;
			buildConfigurations = (
				3B9617BF290EF3E800A38955 /* Debug */,
				3B9617C0290EF3E800A38955 /* Release */,
			);
			defaultConfigurationIsVisible = 0;
			defaultConfigurationName = Release;
		};
		3B9617C1290EF3E800A38955 /* Build configuration list for PBXNativeTarget "FruitMatket_SwiftUI" */ = {
			isa = XCConfigurationList;
			buildConfigurations = (
				3B9617C2290EF3E800A38955 /* Debug */,
				3B9617C3290EF3E800A38955 /* Release */,
			);
			defaultConfigurationIsVisible = 0;
			defaultConfigurationName = Release;
		};
		3B9617C4290EF3E800A38955 /* Build configuration list for PBXNativeTarget "FruitMatket_SwiftUITests" */ = {
			isa = XCConfigurationList;
			buildConfigurations = (
				3B9617C5290EF3E800A38955 /* Debug */,
				3B9617C6290EF3E800A38955 /* Release */,
			);
			defaultConfigurationIsVisible = 0;
			defaultConfigurationName = Release;
		};
		3B9617C7290EF3E800A38955 /* Build configuration list for PBXNativeTarget "FruitMatket_SwiftUIUITests" */ = {
			isa = XCConfigurationList;
			buildConfigurations = (
				3B9617C8290EF3E800A38955 /* Debug */,
				3B9617C9290EF3E800A38955 /* Release */,
			);
			defaultConfigurationIsVisible = 0;
			defaultConfigurationName = Release;
		};
/* End XCConfigurationList section */
	};
	rootObject = 3B961795290EF3E600A38955 /* Project object */;
}
